// !$*UTF8*$!
{
	archiveVersion = 1;
	classes = {
	};
	objectVersion = 56;
	objects = {

/* Begin PBXBuildFile section */
		1B24C8582A1EAB5B00995A4B /* AppDelegate.swift in Sources */ = {isa = PBXBuildFile; fileRef = 1B24C8572A1EAB5B00995A4B /* AppDelegate.swift */; };
		1B24C85A2A1EAB5B00995A4B /* SceneDelegate.swift in Sources */ = {isa = PBXBuildFile; fileRef = 1B24C8592A1EAB5B00995A4B /* SceneDelegate.swift */; };
		1B24C85C2A1EAB5B00995A4B /* ViewController.swift in Sources */ = {isa = PBXBuildFile; fileRef = 1B24C85B2A1EAB5B00995A4B /* ViewController.swift */; };
		1B24C85F2A1EAB5B00995A4B /* Main.storyboard in Resources */ = {isa = PBXBuildFile; fileRef = 1B24C85D2A1EAB5B00995A4B /* Main.storyboard */; };
		1B24C8612A1EAB5D00995A4B /* Assets.xcassets in Resources */ = {isa = PBXBuildFile; fileRef = 1B24C8602A1EAB5D00995A4B /* Assets.xcassets */; };
		1B24C8642A1EAB5D00995A4B /* LaunchScreen.storyboard in Resources */ = {isa = PBXBuildFile; fileRef = 1B24C8622A1EAB5D00995A4B /* LaunchScreen.storyboard */; };
		1B24C86C2A1EBD7500995A4B /* SmallMovieCell.swift in Sources */ = {isa = PBXBuildFile; fileRef = 1B24C86B2A1EBD7500995A4B /* SmallMovieCell.swift */; };
		1BF633E82A1F95A10068A09A /* Movie.swift in Sources */ = {isa = PBXBuildFile; fileRef = 1BF633E72A1F95A10068A09A /* Movie.swift */; };
		1BF633EA2A1F97B80068A09A /* DataModel.swift in Sources */ = {isa = PBXBuildFile; fileRef = 1BF633E92A1F97B80068A09A /* DataModel.swift */; };
		1BF633EC2A1F99300068A09A /* popular.json in Resources */ = {isa = PBXBuildFile; fileRef = 1BF633EB2A1F99300068A09A /* popular.json */; };
		1BF633EE2A1FA1700068A09A /* nowPlaying.json in Resources */ = {isa = PBXBuildFile; fileRef = 1BF633ED2A1FA1700068A09A /* nowPlaying.json */; };
		1BF633F42A1FDE9E0068A09A /* DetailsViewController.swift in Sources */ = {isa = PBXBuildFile; fileRef = 1BF633F32A1FDE9E0068A09A /* DetailsViewController.swift */; };
		1BF633F62A1FEA690068A09A /* DetailsMovieCell.swift in Sources */ = {isa = PBXBuildFile; fileRef = 1BF633F52A1FEA690068A09A /* DetailsMovieCell.swift */; };
/* End PBXBuildFile section */

/* Begin PBXFileReference section */
		1B24C8542A1EAB5B00995A4B /* TableViewGA.app */ = {isa = PBXFileReference; explicitFileType = wrapper.application; includeInIndex = 0; path = TableViewGA.app; sourceTree = BUILT_PRODUCTS_DIR; };
		1B24C8572A1EAB5B00995A4B /* AppDelegate.swift */ = {isa = PBXFileReference; lastKnownFileType = sourcecode.swift; path = AppDelegate.swift; sourceTree = "<group>"; };
		1B24C8592A1EAB5B00995A4B /* SceneDelegate.swift */ = {isa = PBXFileReference; lastKnownFileType = sourcecode.swift; path = SceneDelegate.swift; sourceTree = "<group>"; };
		1B24C85B2A1EAB5B00995A4B /* ViewController.swift */ = {isa = PBXFileReference; lastKnownFileType = sourcecode.swift; path = ViewController.swift; sourceTree = "<group>"; };
		1B24C85E2A1EAB5B00995A4B /* Base */ = {isa = PBXFileReference; lastKnownFileType = file.storyboard; name = Base; path = Base.lproj/Main.storyboard; sourceTree = "<group>"; };
		1B24C8602A1EAB5D00995A4B /* Assets.xcassets */ = {isa = PBXFileReference; lastKnownFileType = folder.assetcatalog; path = Assets.xcassets; sourceTree = "<group>"; };
		1B24C8632A1EAB5D00995A4B /* Base */ = {isa = PBXFileReference; lastKnownFileType = file.storyboard; name = Base; path = Base.lproj/LaunchScreen.storyboard; sourceTree = "<group>"; };
		1B24C8652A1EAB5D00995A4B /* Info.plist */ = {isa = PBXFileReference; lastKnownFileType = text.plist.xml; path = Info.plist; sourceTree = "<group>"; };
		1B24C86B2A1EBD7500995A4B /* SmallMovieCell.swift */ = {isa = PBXFileReference; lastKnownFileType = sourcecode.swift; path = SmallMovieCell.swift; sourceTree = "<group>"; };
		1BF633E72A1F95A10068A09A /* Movie.swift */ = {isa = PBXFileReference; lastKnownFileType = sourcecode.swift; path = Movie.swift; sourceTree = "<group>"; };
		1BF633E92A1F97B80068A09A /* DataModel.swift */ = {isa = PBXFileReference; lastKnownFileType = sourcecode.swift; path = DataModel.swift; sourceTree = "<group>"; };
		1BF633EB2A1F99300068A09A /* popular.json */ = {isa = PBXFileReference; lastKnownFileType = text.json; path = popular.json; sourceTree = "<group>"; xcLanguageSpecificationIdentifier = xcode.lang.json; };
		1BF633ED2A1FA1700068A09A /* nowPlaying.json */ = {isa = PBXFileReference; lastKnownFileType = text.json; path = nowPlaying.json; sourceTree = "<group>"; };
		1BF633F32A1FDE9E0068A09A /* DetailsViewController.swift */ = {isa = PBXFileReference; lastKnownFileType = sourcecode.swift; path = DetailsViewController.swift; sourceTree = "<group>"; };
		1BF633F52A1FEA690068A09A /* DetailsMovieCell.swift */ = {isa = PBXFileReference; lastKnownFileType = sourcecode.swift; path = DetailsMovieCell.swift; sourceTree = "<group>"; };
/* End PBXFileReference section */

/* Begin PBXFrameworksBuildPhase section */
		1B24C8512A1EAB5B00995A4B /* Frameworks */ = {
			isa = PBXFrameworksBuildPhase;
			buildActionMask = 2147483647;
			files = (
			);
			runOnlyForDeploymentPostprocessing = 0;
		};
/* End PBXFrameworksBuildPhase section */

/* Begin PBXGroup section */
		1B24C84B2A1EAB5B00995A4B = {
			isa = PBXGroup;
			children = (
				1B24C8562A1EAB5B00995A4B /* TableViewGA */,
				1B24C8552A1EAB5B00995A4B /* Products */,
			);
			sourceTree = "<group>";
		};
		1B24C8552A1EAB5B00995A4B /* Products */ = {
			isa = PBXGroup;
			children = (
				1B24C8542A1EAB5B00995A4B /* TableViewGA.app */,
			);
			name = Products;
			sourceTree = "<group>";
		};
		1B24C8562A1EAB5B00995A4B /* TableViewGA */ = {
			isa = PBXGroup;
			children = (
				1BF633F22A1FD2C60068A09A /* Storyboards */,
				1BF633F12A1FD2BD0068A09A /* Views */,
				1BF633F02A1FD2AF0068A09A /* App */,
				1BF633EF2A1FD29F0068A09A /* Model */,
				1B24C8602A1EAB5D00995A4B /* Assets.xcassets */,
				1B24C8652A1EAB5D00995A4B /* Info.plist */,
			);
			path = TableViewGA;
			sourceTree = "<group>";
		};
		1BF633EF2A1FD29F0068A09A /* Model */ = {
			isa = PBXGroup;
			children = (
				1BF633E72A1F95A10068A09A /* Movie.swift */,
				1BF633E92A1F97B80068A09A /* DataModel.swift */,
				1BF633EB2A1F99300068A09A /* popular.json */,
				1BF633ED2A1FA1700068A09A /* nowPlaying.json */,
			);
			path = Model;
			sourceTree = "<group>";
		};
		1BF633F02A1FD2AF0068A09A /* App */ = {
			isa = PBXGroup;
			children = (
				1B24C8572A1EAB5B00995A4B /* AppDelegate.swift */,
				1B24C8592A1EAB5B00995A4B /* SceneDelegate.swift */,
			);
			path = App;
			sourceTree = "<group>";
		};
		1BF633F12A1FD2BD0068A09A /* Views */ = {
			isa = PBXGroup;
			children = (
				1B24C85B2A1EAB5B00995A4B /* ViewController.swift */,
				1B24C86B2A1EBD7500995A4B /* SmallMovieCell.swift */,
				1BF633F32A1FDE9E0068A09A /* DetailsViewController.swift */,
				1BF633F52A1FEA690068A09A /* DetailsMovieCell.swift */,
			);
			path = Views;
			sourceTree = "<group>";
		};
		1BF633F22A1FD2C60068A09A /* Storyboards */ = {
			isa = PBXGroup;
			children = (
				1B24C85D2A1EAB5B00995A4B /* Main.storyboard */,
				1B24C8622A1EAB5D00995A4B /* LaunchScreen.storyboard */,
			);
			path = Storyboards;
			sourceTree = "<group>";
		};
/* End PBXGroup section */

/* Begin PBXNativeTarget section */
		1B24C8532A1EAB5B00995A4B /* TableViewGA */ = {
			isa = PBXNativeTarget;
			buildConfigurationList = 1B24C8682A1EAB5D00995A4B /* Build configuration list for PBXNativeTarget "TableViewGA" */;
			buildPhases = (
				1B24C8502A1EAB5B00995A4B /* Sources */,
				1B24C8512A1EAB5B00995A4B /* Frameworks */,
				1B24C8522A1EAB5B00995A4B /* Resources */,
			);
			buildRules = (
			);
			dependencies = (
			);
			name = TableViewGA;
			productName = TableViewGA;
			productReference = 1B24C8542A1EAB5B00995A4B /* TableViewGA.app */;
			productType = "com.apple.product-type.application";
		};
/* End PBXNativeTarget section */

/* Begin PBXProject section */
		1B24C84C2A1EAB5B00995A4B /* Project object */ = {
			isa = PBXProject;
			attributes = {
				BuildIndependentTargetsInParallel = 1;
				LastSwiftUpdateCheck = 1410;
				LastUpgradeCheck = 1410;
				TargetAttributes = {
					1B24C8532A1EAB5B00995A4B = {
						CreatedOnToolsVersion = 14.1;
					};
				};
			};
			buildConfigurationList = 1B24C84F2A1EAB5B00995A4B /* Build configuration list for PBXProject "TableViewGA" */;
			compatibilityVersion = "Xcode 14.0";
			developmentRegion = en;
			hasScannedForEncodings = 0;
			knownRegions = (
				en,
				Base,
			);
			mainGroup = 1B24C84B2A1EAB5B00995A4B;
			productRefGroup = 1B24C8552A1EAB5B00995A4B /* Products */;
			projectDirPath = "";
			projectRoot = "";
			targets = (
				1B24C8532A1EAB5B00995A4B /* TableViewGA */,
			);
		};
/* End PBXProject section */

/* Begin PBXResourcesBuildPhase section */
		1B24C8522A1EAB5B00995A4B /* Resources */ = {
			isa = PBXResourcesBuildPhase;
			buildActionMask = 2147483647;
			files = (
				1B24C8642A1EAB5D00995A4B /* LaunchScreen.storyboard in Resources */,
				1B24C8612A1EAB5D00995A4B /* Assets.xcassets in Resources */,
				1B24C85F2A1EAB5B00995A4B /* Main.storyboard in Resources */,
				1BF633EE2A1FA1700068A09A /* nowPlaying.json in Resources */,
				1BF633EC2A1F99300068A09A /* popular.json in Resources */,
			);
			runOnlyForDeploymentPostprocessing = 0;
		};
/* End PBXResourcesBuildPhase section */

/* Begin PBXSourcesBuildPhase section */
		1B24C8502A1EAB5B00995A4B /* Sources */ = {
			isa = PBXSourcesBuildPhase;
			buildActionMask = 2147483647;
			files = (
				1B24C86C2A1EBD7500995A4B /* SmallMovieCell.swift in Sources */,
				1B24C85C2A1EAB5B00995A4B /* ViewController.swift in Sources */,
				1B24C8582A1EAB5B00995A4B /* AppDelegate.swift in Sources */,
				1B24C85A2A1EAB5B00995A4B /* SceneDelegate.swift in Sources */,
				1BF633F42A1FDE9E0068A09A /* DetailsViewController.swift in Sources */,
				1BF633E82A1F95A10068A09A /* Movie.swift in Sources */,
				1BF633EA2A1F97B80068A09A /* DataModel.swift in Sources */,
				1BF633F62A1FEA690068A09A /* DetailsMovieCell.swift in Sources */,
			);
			runOnlyForDeploymentPostprocessing = 0;
		};
/* End PBXSourcesBuildPhase section */

/* Begin PBXVariantGroup section */
		1B24C85D2A1EAB5B00995A4B /* Main.storyboard */ = {
			isa = PBXVariantGroup;
			children = (
				1B24C85E2A1EAB5B00995A4B /* Base */,
			);
			name = Main.storyboard;
			sourceTree = "<group>";
		};
		1B24C8622A1EAB5D00995A4B /* LaunchScreen.storyboard */ = {
			isa = PBXVariantGroup;
			children = (
				1B24C8632A1EAB5D00995A4B /* Base */,
			);
			name = LaunchScreen.storyboard;
			sourceTree = "<group>";
		};
/* End PBXVariantGroup section */

/* Begin XCBuildConfiguration section */
		1B24C8662A1EAB5D00995A4B /* Debug */ = {
			isa = XCBuildConfiguration;
			buildSettings = {
				ALWAYS_SEARCH_USER_PATHS = NO;
				CLANG_ANALYZER_NONNULL = YES;
				CLANG_ANALYZER_NUMBER_OBJECT_CONVERSION = YES_AGGRESSIVE;
				CLANG_CXX_LANGUAGE_STANDARD = "gnu++20";
				CLANG_ENABLE_MODULES = YES;
				CLANG_ENABLE_OBJC_ARC = YES;
				CLANG_ENABLE_OBJC_WEAK = YES;
				CLANG_WARN_BLOCK_CAPTURE_AUTORELEASING = YES;
				CLANG_WARN_BOOL_CONVERSION = YES;
				CLANG_WARN_COMMA = YES;
				CLANG_WARN_CONSTANT_CONVERSION = YES;
				CLANG_WARN_DEPRECATED_OBJC_IMPLEMENTATIONS = YES;
				CLANG_WARN_DIRECT_OBJC_ISA_USAGE = YES_ERROR;
				CLANG_WARN_DOCUMENTATION_COMMENTS = YES;
				CLANG_WARN_EMPTY_BODY = YES;
				CLANG_WARN_ENUM_CONVERSION = YES;
				CLANG_WARN_INFINITE_RECURSION = YES;
				CLANG_WARN_INT_CONVERSION = YES;
				CLANG_WARN_NON_LITERAL_NULL_CONVERSION = YES;
				CLANG_WARN_OBJC_IMPLICIT_RETAIN_SELF = YES;
				CLANG_WARN_OBJC_LITERAL_CONVERSION = YES;
				CLANG_WARN_OBJC_ROOT_CLASS = YES_ERROR;
				CLANG_WARN_QUOTED_INCLUDE_IN_FRAMEWORK_HEADER = YES;
				CLANG_WARN_RANGE_LOOP_ANALYSIS = YES;
				CLANG_WARN_STRICT_PROTOTYPES = YES;
				CLANG_WARN_SUSPICIOUS_MOVE = YES;
				CLANG_WARN_UNGUARDED_AVAILABILITY = YES_AGGRESSIVE;
				CLANG_WARN_UNREACHABLE_CODE = YES;
				CLANG_WARN__DUPLICATE_METHOD_MATCH = YES;
				COPY_PHASE_STRIP = NO;
				DEBUG_INFORMATION_FORMAT = dwarf;
				ENABLE_STRICT_OBJC_MSGSEND = YES;
				ENABLE_TESTABILITY = YES;
				GCC_C_LANGUAGE_STANDARD = gnu11;
				GCC_DYNAMIC_NO_PIC = NO;
				GCC_NO_COMMON_BLOCKS = YES;
				GCC_OPTIMIZATION_LEVEL = 0;
				GCC_PREPROCESSOR_DEFINITIONS = (
					"DEBUG=1",
					"$(inherited)",
				);
				GCC_WARN_64_TO_32_BIT_CONVERSION = YES;
				GCC_WARN_ABOUT_RETURN_TYPE = YES_ERROR;
				GCC_WARN_UNDECLARED_SELECTOR = YES;
				GCC_WARN_UNINITIALIZED_AUTOS = YES_AGGRESSIVE;
				GCC_WARN_UNUSED_FUNCTION = YES;
				GCC_WARN_UNUSED_VARIABLE = YES;
				IPHONEOS_DEPLOYMENT_TARGET = 16.1;
				MTL_ENABLE_DEBUG_INFO = INCLUDE_SOURCE;
				MTL_FAST_MATH = YES;
				ONLY_ACTIVE_ARCH = YES;
				SDKROOT = iphoneos;
				SWIFT_ACTIVE_COMPILATION_CONDITIONS = DEBUG;
				SWIFT_OPTIMIZATION_LEVEL = "-Onone";
			};
			name = Debug;
		};
		1B24C8672A1EAB5D00995A4B /* Release */ = {
			isa = XCBuildConfiguration;
			buildSettings = {
				ALWAYS_SEARCH_USER_PATHS = NO;
				CLANG_ANALYZER_NONNULL = YES;
				CLANG_ANALYZER_NUMBER_OBJECT_CONVERSION = YES_AGGRESSIVE;
				CLANG_CXX_LANGUAGE_STANDARD = "gnu++20";
				CLANG_ENABLE_MODULES = YES;
				CLANG_ENABLE_OBJC_ARC = YES;
				CLANG_ENABLE_OBJC_WEAK = YES;
				CLANG_WARN_BLOCK_CAPTURE_AUTORELEASING = YES;
				CLANG_WARN_BOOL_CONVERSION = YES;
				CLANG_WARN_COMMA = YES;
				CLANG_WARN_CONSTANT_CONVERSION = YES;
				CLANG_WARN_DEPRECATED_OBJC_IMPLEMENTATIONS = YES;
				CLANG_WARN_DIRECT_OBJC_ISA_USAGE = YES_ERROR;
				CLANG_WARN_DOCUMENTATION_COMMENTS = YES;
				CLANG_WARN_EMPTY_BODY = YES;
				CLANG_WARN_ENUM_CONVERSION = YES;
				CLANG_WARN_INFINITE_RECURSION = YES;
				CLANG_WARN_INT_CONVERSION = YES;
				CLANG_WARN_NON_LITERAL_NULL_CONVERSION = YES;
				CLANG_WARN_OBJC_IMPLICIT_RETAIN_SELF = YES;
				CLANG_WARN_OBJC_LITERAL_CONVERSION = YES;
				CLANG_WARN_OBJC_ROOT_CLASS = YES_ERROR;
				CLANG_WARN_QUOTED_INCLUDE_IN_FRAMEWORK_HEADER = YES;
				CLANG_WARN_RANGE_LOOP_ANALYSIS = YES;
				CLANG_WARN_STRICT_PROTOTYPES = YES;
				CLANG_WARN_SUSPICIOUS_MOVE = YES;
				CLANG_WARN_UNGUARDED_AVAILABILITY = YES_AGGRESSIVE;
				CLANG_WARN_UNREACHABLE_CODE = YES;
				CLANG_WARN__DUPLICATE_METHOD_MATCH = YES;
				COPY_PHASE_STRIP = NO;
				DEBUG_INFORMATION_FORMAT = "dwarf-with-dsym";
				ENABLE_NS_ASSERTIONS = NO;
				ENABLE_STRICT_OBJC_MSGSEND = YES;
				GCC_C_LANGUAGE_STANDARD = gnu11;
				GCC_NO_COMMON_BLOCKS = YES;
				GCC_WARN_64_TO_32_BIT_CONVERSION = YES;
				GCC_WARN_ABOUT_RETURN_TYPE = YES_ERROR;
				GCC_WARN_UNDECLARED_SELECTOR = YES;
				GCC_WARN_UNINITIALIZED_AUTOS = YES_AGGRESSIVE;
				GCC_WARN_UNUSED_FUNCTION = YES;
				GCC_WARN_UNUSED_VARIABLE = YES;
				IPHONEOS_DEPLOYMENT_TARGET = 16.1;
				MTL_ENABLE_DEBUG_INFO = NO;
				MTL_FAST_MATH = YES;
				SDKROOT = iphoneos;
				SWIFT_COMPILATION_MODE = wholemodule;
				SWIFT_OPTIMIZATION_LEVEL = "-O";
				VALIDATE_PRODUCT = YES;
			};
			name = Release;
		};
		1B24C8692A1EAB5D00995A4B /* Debug */ = {
			isa = XCBuildConfiguration;
			buildSettings = {
				ASSETCATALOG_COMPILER_APPICON_NAME = AppIcon;
				ASSETCATALOG_COMPILER_GLOBAL_ACCENT_COLOR_NAME = AccentColor;
				CODE_SIGN_STYLE = Automatic;
				CURRENT_PROJECT_VERSION = 1;
				DEVELOPMENT_TEAM = GYMDP69744;
				GENERATE_INFOPLIST_FILE = YES;
				INFOPLIST_FILE = TableViewGA/Info.plist;
				INFOPLIST_KEY_UIApplicationSupportsIndirectInputEvents = YES;
				INFOPLIST_KEY_UILaunchStoryboardName = LaunchScreen;
				INFOPLIST_KEY_UIMainStoryboardFile = Main;
				INFOPLIST_KEY_UISupportedInterfaceOrientations_iPad = "UIInterfaceOrientationPortrait UIInterfaceOrientationPortraitUpsideDown UIInterfaceOrientationLandscapeLeft UIInterfaceOrientationLandscapeRight";
				INFOPLIST_KEY_UISupportedInterfaceOrientations_iPhone = "UIInterfaceOrientationPortrait UIInterfaceOrientationLandscapeLeft UIInterfaceOrientationLandscapeRight";
				LD_RUNPATH_SEARCH_PATHS = (
					"$(inherited)",
					"@executable_path/Frameworks",
				);
				MARKETING_VERSION = 1.0;
				PRODUCT_BUNDLE_IDENTIFIER = com.academy.apps.TableViewGA;
				PRODUCT_NAME = "$(TARGET_NAME)";
				SWIFT_EMIT_LOC_STRINGS = YES;
				SWIFT_VERSION = 5.0;
				TARGETED_DEVICE_FAMILY = "1,2";
			};
			name = Debug;
		};
		1B24C86A2A1EAB5D00995A4B /* Release */ = {
			isa = XCBuildConfiguration;
			buildSettings = {
				ASSETCATALOG_COMPILER_APPICON_NAME = AppIcon;
				ASSETCATALOG_COMPILER_GLOBAL_ACCENT_COLOR_NAME = AccentColor;
				CODE_SIGN_STYLE = Automatic;
				CURRENT_PROJECT_VERSION = 1;
				DEVELOPMENT_TEAM = GYMDP69744;
				GENERATE_INFOPLIST_FILE = YES;
				INFOPLIST_FILE = TableViewGA/Info.plist;
				INFOPLIST_KEY_UIApplicationSupportsIndirectInputEvents = YES;
				INFOPLIST_KEY_UILaunchStoryboardName = LaunchScreen;
				INFOPLIST_KEY_UIMainStoryboardFile = Main;
				INFOPLIST_KEY_UISupportedInterfaceOrientations_iPad = "UIInterfaceOrientationPortrait UIInterfaceOrientationPortraitUpsideDown UIInterfaceOrientationLandscapeLeft UIInterfaceOrientationLandscapeRight";
				INFOPLIST_KEY_UISupportedInterfaceOrientations_iPhone = "UIInterfaceOrientationPortrait UIInterfaceOrientationLandscapeLeft UIInterfaceOrientationLandscapeRight";
				LD_RUNPATH_SEARCH_PATHS = (
					"$(inherited)",
					"@executable_path/Frameworks",
				);
				MARKETING_VERSION = 1.0;
				PRODUCT_BUNDLE_IDENTIFIER = com.academy.apps.TableViewGA;
				PRODUCT_NAME = "$(TARGET_NAME)";
				SWIFT_EMIT_LOC_STRINGS = YES;
				SWIFT_VERSION = 5.0;
				TARGETED_DEVICE_FAMILY = "1,2";
			};
			name = Release;
		};
/* End XCBuildConfiguration section */

/* Begin XCConfigurationList section */
		1B24C84F2A1EAB5B00995A4B /* Build configuration list for PBXProject "TableViewGA" */ = {
			isa = XCConfigurationList;
			buildConfigurations = (
				1B24C8662A1EAB5D00995A4B /* Debug */,
				1B24C8672A1EAB5D00995A4B /* Release */,
			);
			defaultConfigurationIsVisible = 0;
			defaultConfigurationName = Release;
		};
		1B24C8682A1EAB5D00995A4B /* Build configuration list for PBXNativeTarget "TableViewGA" */ = {
			isa = XCConfigurationList;
			buildConfigurations = (
				1B24C8692A1EAB5D00995A4B /* Debug */,
				1B24C86A2A1EAB5D00995A4B /* Release */,
			);
			defaultConfigurationIsVisible = 0;
			defaultConfigurationName = Release;
		};
/* End XCConfigurationList section */
	};
	rootObject = 1B24C84C2A1EAB5B00995A4B /* Project object */;
}
